<?xml version="1.0" encoding="utf-8"?>
<Project ToolsVersion="4.0" xmlns="http://schemas.microsoft.com/developer/msbuild/2003">
  <ItemGroup>
    <Filter Include="Resource Files">
      <UniqueIdentifier>{67DA6AB6-F800-4c08-8B7A-83BB121AAD01}</UniqueIdentifier>
      <Extensions>rc;ico;cur;bmp;dlg;rc2;rct;bin;rgs;gif;jpg;jpeg;jpe;resx;tiff;tif;png;wav;mfcribbon-ms</Extensions>
    </Filter>
  </ItemGroup>
  <ItemGroup>
    <ClInclude Include="ApplicationStore.h" />
    <ClInclude Include="AssemblerService.h" />
    <ClInclude Include="AssemblerService_In.h" />
    <ClInclude Include="AssemblyLoader.h" />
    <ClInclude Include="CodeObject.h" />
    <ClInclude Include="CommonLoader.h" />
    <ClInclude Include="HookService.h" />
    <ClInclude Include="ManagedCommonLoader.h" />
    <ClInclude Include="MemoryProvider.h" />
    <ClInclude Include="pch.h" />
    <ClInclude Include="Resource.h" />
    <ClInclude Include="SigScanner.h" />
    <ClInclude Include="CommonLoaderAPI.h" />
  </ItemGroup>
  <ItemGroup>
    <ClCompile Include="ApplicationStore.cpp" />
    <ClCompile Include="AssemblerService.cpp" />
    <ClCompile Include="AssemblyInfo.cpp" />
    <ClCompile Include="CommonLoader.cpp" />
    <ClCompile Include="HookService.cpp" />
    <ClCompile Include="externals\ini.cpp" />
    <ClCompile Include="pch.cpp" />
    <ClCompile Include="SigScanner.cpp" />
    <ClCompile Include="externals\xxhash.cpp" />
    <ClCompile Include="CommonLoaderAPI.cpp" />
  </ItemGroup>
  <ItemGroup>
    <ResourceCompile Include="app.rc">
      <Filter>Resource Files</Filter>
    </ResourceCompile>
  </ItemGroup>
  <ItemGroup>
    <Image Include="app.ico">
      <Filter>Resource Files</Filter>
    </Image>
  </ItemGroup>
</Project>